
Microsoft Visual Studio Solution File, Format Version 12.00
# Visual Studio Version 16
VisualStudioVersion = 16.0.33927.289
MinimumVisualStudioVersion = 10.0.40219.1
Project("{2150E333-8FDC-42A3-9474-1A3956D46DE8}") = "Task0", "Task0", "{7CB7F2B9-58D9-4D5B-88E7-5932DAEDDE9B}"
EndProject
Project("{FAE04EC0-301F-11D3-BF4B-00C04F79EFBC}") = "Tyuiu.LachuginAV.Sprint2.Task0.V4", "Tyuiu.LachuginAV.Sprint2.Task0.V4\Tyuiu.LachuginAV.Sprint2.Task0.V4.csproj", "{ADF55400-48B7-4103-8B1D-EAF2FDAC03E5}"
EndProject
Project("{FAE04EC0-301F-11D3-BF4B-00C04F79EFBC}") = "Tyuiu.LachuginAV.Sprint2.Task0.V4.Lib", "Tyuiu.LachuginAV.Sprint2.Task0.V4.Lib\Tyuiu.LachuginAV.Sprint2.Task0.V4.Lib.csproj", "{39FC7EAC-509B-4984-9D73-E30FAAB06C91}"
EndProject
Project("{FAE04EC0-301F-11D3-BF4B-00C04F79EFBC}") = "Tyuiu.LachuginAV.Sprint2.Task0.V4.Test", "Tyuiu.LachuginAV.Sprint2.Task0.V4.Test\Tyuiu.LachuginAV.Sprint2.Task0.V4.Test.csproj", "{5AA1B6DF-E585-4A27-8941-821DBAB37989}"
EndProject
Project("{2150E333-8FDC-42A3-9474-1A3956D46DE8}") = "Task1", "Task1", "{C5DFAAA2-D596-410F-82B0-8B52CCB52995}"
EndProject
Project("{FAE04EC0-301F-11D3-BF4B-00C04F79EFBC}") = "Tyuiu.LachuginAV.Sprint2.Task1.V28", "Tyuiu.LachuginAV.Sprint2.Task1.V28\Tyuiu.LachuginAV.Sprint2.Task1.V28.csproj", "{6AEA4250-A9C4-4E07-9C1B-D0C9808112C7}"
EndProject
Project("{FAE04EC0-301F-11D3-BF4B-00C04F79EFBC}") = "Tyuiu.LachuginAV.Sprint2.Task1.V28.Lib", "Tyuiu.LachuginAV.Sprint2.Task1.V28.Lib\Tyuiu.LachuginAV.Sprint2.Task1.V28.Lib.csproj", "{B657C6E4-852D-476E-961C-77C9E6C038EB}"
EndProject
Project("{FAE04EC0-301F-11D3-BF4B-00C04F79EFBC}") = "Tyuiu.LachuginAV.Sprint2.Task1.V28.Test", "Tyuiu.LachuginAV.Sprint2.Task1.V28.Test\Tyuiu.LachuginAV.Sprint2.Task1.V28.Test.csproj", "{FFFBEF86-77E3-4B8D-ABAF-18E9353EBC56}"
EndProject
Project("{2150E333-8FDC-42A3-9474-1A3956D46DE8}") = "Task2", "Task2", "{646A8751-4F7A-4244-9399-4F7861BC0B6C}"
EndProject
Project("{FAE04EC0-301F-11D3-BF4B-00C04F79EFBC}") = "Tyuiu.LachuginAV.Sprint2.Task2.V16", "Tyuiu.LachuginAV.Sprint2.Task2.V16\Tyuiu.LachuginAV.Sprint2.Task2.V16.csproj", "{0EE40625-8C2B-46B7-8F87-B4B6D73F12E7}"
EndProject
Project("{FAE04EC0-301F-11D3-BF4B-00C04F79EFBC}") = "Tyuiu.LachuginAV.Sprint2.Task2.V16.Lib", "Tyuiu.LachuginAV.Sprint2.Task2.V16.Lib\Tyuiu.LachuginAV.Sprint2.Task2.V16.Lib.csproj", "{AB450606-48D0-4C88-BF76-D6050EDEECAE}"
EndProject
Project("{FAE04EC0-301F-11D3-BF4B-00C04F79EFBC}") = "Tyuiu.LachuginAV.Sprint2.Task2.V16.Test", "Tyuiu.LachuginAV.Sprint2.Task2.V16.Test\Tyuiu.LachuginAV.Sprint2.Task2.V16.Test.csproj", "{0132836C-DAA5-49C1-83CE-E799AB21179C}"
EndProject
Project("{2150E333-8FDC-42A3-9474-1A3956D46DE8}") = "Task3", "Task3", "{D9884CEE-2381-4318-AC5A-0DA3AAA7C376}"
EndProject
Project("{FAE04EC0-301F-11D3-BF4B-00C04F79EFBC}") = "Tyuiu.LachuginAV.Sprint2.Task3.V2", "Tyuiu.LachuginAV.Sprint2.Task3.V2\Tyuiu.LachuginAV.Sprint2.Task3.V2.csproj", "{D9C1C4CB-81F0-4ED1-9E0C-416AC985E324}"
EndProject
Project("{FAE04EC0-301F-11D3-BF4B-00C04F79EFBC}") = "Tyuiu.LachuginAV.Sprint2.Task3.V2.Lib", "Tyuiu.LachuginAV.Sprint2.Task3.V2.Lib\Tyuiu.LachuginAV.Sprint2.Task3.V2.Lib.csproj", "{1C7A6687-9F5D-4AFD-AC2B-480E7FA4E165}"
EndProject
Project("{FAE04EC0-301F-11D3-BF4B-00C04F79EFBC}") = "Tyuiu.LachuginAV.Sprint2.Task3.V2.Test", "Tyuiu.LachuginAV.Sprint2.Task3.V2.Test\Tyuiu.LachuginAV.Sprint2.Task3.V2.Test.csproj", "{7EF9D70D-979C-4D47-9C04-64393616D89F}"
EndProject
Project("{2150E333-8FDC-42A3-9474-1A3956D46DE8}") = "Task4", "Task4", "{F3393C06-01E4-474D-A65C-1473FD4D1A18}"
EndProject
Project("{FAE04EC0-301F-11D3-BF4B-00C04F79EFBC}") = "Tyuiu.LachuginAV.Sprint2.Task4.V12", "Tyuiu.LachuginAV.Sprint2.Task4.V12\Tyuiu.LachuginAV.Sprint2.Task4.V12.csproj", "{19EC44D1-3662-4FE1-8016-A44D79A09124}"
EndProject
Project("{FAE04EC0-301F-11D3-BF4B-00C04F79EFBC}") = "Tyuiu.LachuginAV.Sprint2.Task4.V12.Lib", "Tyuiu.LachuginAV.Sprint2.Task4.V12.Lib\Tyuiu.LachuginAV.Sprint2.Task4.V12.Lib.csproj", "{6A9FF9F4-D8DC-4843-93D8-7A2599FE44BE}"
EndProject
Project("{FAE04EC0-301F-11D3-BF4B-00C04F79EFBC}") = "Tyuiu.LachuginAV.Sprint2.Task4.V12.Test", "Tyuiu.LachuginAV.Sprint2.Task4.V12.Test\Tyuiu.LachuginAV.Sprint2.Task4.V12.Test.csproj", "{4189FA50-D42F-4DB5-BAD9-4E7CB90ED6BD}"
EndProject
Project("{2150E333-8FDC-42A3-9474-1A3956D46DE8}") = "Task5", "Task5", "{8E563C7F-92F2-427E-B12E-275B3160AC2F}"
EndProject
Project("{FAE04EC0-301F-11D3-BF4B-00C04F79EFBC}") = "Tyuiu.LachuginAV.Sprint2.Task5.V9", "Tyuiu.LachuginAV.Sprint2.Task5.V9\Tyuiu.LachuginAV.Sprint2.Task5.V9.csproj", "{81070D96-B0D3-4D25-A472-C4E138D420DF}"
EndProject
Project("{FAE04EC0-301F-11D3-BF4B-00C04F79EFBC}") = "Tyuiu.LachuginAV.Sprint2.Task5.V9.Lib", "Tyuiu.LachuginAV.Sprint2.Task5.V9.Lib\Tyuiu.LachuginAV.Sprint2.Task5.V9.Lib.csproj", "{EC07B8BD-82C2-43D2-8EC1-2A0A9CDFBD25}"
EndProject
Project("{FAE04EC0-301F-11D3-BF4B-00C04F79EFBC}") = "Tyuiu.LachuginAV.Sprint2.Task5.V9.Test", "Tyuiu.LachuginAV.Sprint2.Task5.V9.Test\Tyuiu.LachuginAV.Sprint2.Task5.V9.Test.csproj", "{BADB4F82-E009-4F3A-92E7-D205E4A602DE}"
EndProject
Project("{2150E333-8FDC-42A3-9474-1A3956D46DE8}") = "Task6", "Task6", "{45B5D225-F3B1-42A1-ABFD-F6DC179C0A74}"
EndProject
Project("{FAE04EC0-301F-11D3-BF4B-00C04F79EFBC}") = "Tyuiu.LachuginAV.Sprint2.Task6.V8", "Tyuiu.LachuginAV.Sprint2.Task6.V8\Tyuiu.LachuginAV.Sprint2.Task6.V8.csproj", "{DDA594E5-C99A-47F5-9ADC-BB193E5AF32A}"
EndProject
Project("{FAE04EC0-301F-11D3-BF4B-00C04F79EFBC}") = "Tyuiu.LachuginAV.Sprint2.Task6.V8.Lib", "Tyuiu.LachuginAV.Sprint2.Task6.V8.Lib\Tyuiu.LachuginAV.Sprint2.Task6.V8.Lib.csproj", "{B291D53D-DE86-471D-9EFD-28F11DCBF8D8}"
EndProject
Project("{FAE04EC0-301F-11D3-BF4B-00C04F79EFBC}") = "Tyuiu.LachuginAV.Sprint2.Task6.V8.Test", "Tyuiu.LachuginAV.Sprint2.Task6.V8.Test\Tyuiu.LachuginAV.Sprint2.Task6.V8.Test.csproj", "{65FD5F4F-B24E-48C3-ABEA-7C4866EBCA06}"
EndProject
Project("{2150E333-8FDC-42A3-9474-1A3956D46DE8}") = "Task7", "Task7", "{A02BF45B-BA4C-4E95-8523-4616BB4E1176}"
EndProject
Project("{FAE04EC0-301F-11D3-BF4B-00C04F79EFBC}") = "Tyuiu.LachuginAV.Sprint2.Task7.V10", "Tyuiu.LachuginAV.Sprint2.Task7.V10\Tyuiu.LachuginAV.Sprint2.Task7.V10.csproj", "{8829B6E9-85EC-428F-B676-67179E0B47D3}"
EndProject
Project("{FAE04EC0-301F-11D3-BF4B-00C04F79EFBC}") = "Tyuiu.LachuginAV.Sprint2.Task7.V10.Test", "Tyuiu.LachuginAV.Sprint2.Task7.V10.Test\Tyuiu.LachuginAV.Sprint2.Task7.V10.Test.csproj", "{B762EE11-793A-4352-8671-39AA1E637CD4}"
EndProject
Project("{FAE04EC0-301F-11D3-BF4B-00C04F79EFBC}") = "Tyuiu.LachuginAV.Sprint2.Task7.V10.Lib", "Tyuiu.LachuginAV.Sprint2.Task7.V10.Lib\Tyuiu.LachuginAV.Sprint2.Task7.V10.Lib.csproj", "{9F671448-FD85-48D7-A91A-39442BEDF354}"
EndProject
Global
	GlobalSection(SolutionConfigurationPlatforms) = preSolution
		Debug|Any CPU = Debug|Any CPU
		Release|Any CPU = Release|Any CPU
	EndGlobalSection
	GlobalSection(ProjectConfigurationPlatforms) = postSolution
		{ADF55400-48B7-4103-8B1D-EAF2FDAC03E5}.Debug|Any CPU.ActiveCfg = Debug|Any CPU
		{ADF55400-48B7-4103-8B1D-EAF2FDAC03E5}.Debug|Any CPU.Build.0 = Debug|Any CPU
		{ADF55400-48B7-4103-8B1D-EAF2FDAC03E5}.Release|Any CPU.ActiveCfg = Release|Any CPU
		{ADF55400-48B7-4103-8B1D-EAF2FDAC03E5}.Release|Any CPU.Build.0 = Release|Any CPU
		{39FC7EAC-509B-4984-9D73-E30FAAB06C91}.Debug|Any CPU.ActiveCfg = Debug|Any CPU
		{39FC7EAC-509B-4984-9D73-E30FAAB06C91}.Debug|Any CPU.Build.0 = Debug|Any CPU
		{39FC7EAC-509B-4984-9D73-E30FAAB06C91}.Release|Any CPU.ActiveCfg = Release|Any CPU
		{39FC7EAC-509B-4984-9D73-E30FAAB06C91}.Release|Any CPU.Build.0 = Release|Any CPU
		{5AA1B6DF-E585-4A27-8941-821DBAB37989}.Debug|Any CPU.ActiveCfg = Debug|Any CPU
		{5AA1B6DF-E585-4A27-8941-821DBAB37989}.Debug|Any CPU.Build.0 = Debug|Any CPU
		{5AA1B6DF-E585-4A27-8941-821DBAB37989}.Release|Any CPU.ActiveCfg = Release|Any CPU
		{5AA1B6DF-E585-4A27-8941-821DBAB37989}.Release|Any CPU.Build.0 = Release|Any CPU
		{6AEA4250-A9C4-4E07-9C1B-D0C9808112C7}.Debug|Any CPU.ActiveCfg = Debug|Any CPU
		{6AEA4250-A9C4-4E07-9C1B-D0C9808112C7}.Debug|Any CPU.Build.0 = Debug|Any CPU
		{6AEA4250-A9C4-4E07-9C1B-D0C9808112C7}.Release|Any CPU.ActiveCfg = Release|Any CPU
		{6AEA4250-A9C4-4E07-9C1B-D0C9808112C7}.Release|Any CPU.Build.0 = Release|Any CPU
		{B657C6E4-852D-476E-961C-77C9E6C038EB}.Debug|Any CPU.ActiveCfg = Debug|Any CPU
		{B657C6E4-852D-476E-961C-77C9E6C038EB}.Debug|Any CPU.Build.0 = Debug|Any CPU
		{B657C6E4-852D-476E-961C-77C9E6C038EB}.Release|Any CPU.ActiveCfg = Release|Any CPU
		{B657C6E4-852D-476E-961C-77C9E6C038EB}.Release|Any CPU.Build.0 = Release|Any CPU
		{FFFBEF86-77E3-4B8D-ABAF-18E9353EBC56}.Debug|Any CPU.ActiveCfg = Debug|Any CPU
		{FFFBEF86-77E3-4B8D-ABAF-18E9353EBC56}.Debug|Any CPU.Build.0 = Debug|Any CPU
		{FFFBEF86-77E3-4B8D-ABAF-18E9353EBC56}.Release|Any CPU.ActiveCfg = Release|Any CPU
		{FFFBEF86-77E3-4B8D-ABAF-18E9353EBC56}.Release|Any CPU.Build.0 = Release|Any CPU
		{0EE40625-8C2B-46B7-8F87-B4B6D73F12E7}.Debug|Any CPU.ActiveCfg = Debug|Any CPU
		{0EE40625-8C2B-46B7-8F87-B4B6D73F12E7}.Debug|Any CPU.Build.0 = Debug|Any CPU
		{0EE40625-8C2B-46B7-8F87-B4B6D73F12E7}.Release|Any CPU.ActiveCfg = Release|Any CPU
		{0EE40625-8C2B-46B7-8F87-B4B6D73F12E7}.Release|Any CPU.Build.0 = Release|Any CPU
		{AB450606-48D0-4C88-BF76-D6050EDEECAE}.Debug|Any CPU.ActiveCfg = Debug|Any CPU
		{AB450606-48D0-4C88-BF76-D6050EDEECAE}.Debug|Any CPU.Build.0 = Debug|Any CPU
		{AB450606-48D0-4C88-BF76-D6050EDEECAE}.Release|Any CPU.ActiveCfg = Release|Any CPU
		{AB450606-48D0-4C88-BF76-D6050EDEECAE}.Release|Any CPU.Build.0 = Release|Any CPU
		{0132836C-DAA5-49C1-83CE-E799AB21179C}.Debug|Any CPU.ActiveCfg = Debug|Any CPU
		{0132836C-DAA5-49C1-83CE-E799AB21179C}.Debug|Any CPU.Build.0 = Debug|Any CPU
		{0132836C-DAA5-49C1-83CE-E799AB21179C}.Release|Any CPU.ActiveCfg = Release|Any CPU
		{0132836C-DAA5-49C1-83CE-E799AB21179C}.Release|Any CPU.Build.0 = Release|Any CPU
		{D9C1C4CB-81F0-4ED1-9E0C-416AC985E324}.Debug|Any CPU.ActiveCfg = Debug|Any CPU
		{D9C1C4CB-81F0-4ED1-9E0C-416AC985E324}.Debug|Any CPU.Build.0 = Debug|Any CPU
		{D9C1C4CB-81F0-4ED1-9E0C-416AC985E324}.Release|Any CPU.ActiveCfg = Release|Any CPU
		{D9C1C4CB-81F0-4ED1-9E0C-416AC985E324}.Release|Any CPU.Build.0 = Release|Any CPU
		{1C7A6687-9F5D-4AFD-AC2B-480E7FA4E165}.Debug|Any CPU.ActiveCfg = Debug|Any CPU
		{1C7A6687-9F5D-4AFD-AC2B-480E7FA4E165}.Debug|Any CPU.Build.0 = Debug|Any CPU
		{1C7A6687-9F5D-4AFD-AC2B-480E7FA4E165}.Release|Any CPU.ActiveCfg = Release|Any CPU
		{1C7A6687-9F5D-4AFD-AC2B-480E7FA4E165}.Release|Any CPU.Build.0 = Release|Any CPU
		{7EF9D70D-979C-4D47-9C04-64393616D89F}.Debug|Any CPU.ActiveCfg = Debug|Any CPU
		{7EF9D70D-979C-4D47-9C04-64393616D89F}.Debug|Any CPU.Build.0 = Debug|Any CPU
		{7EF9D70D-979C-4D47-9C04-64393616D89F}.Release|Any CPU.ActiveCfg = Release|Any CPU
		{7EF9D70D-979C-4D47-9C04-64393616D89F}.Release|Any CPU.Build.0 = Release|Any CPU
		{19EC44D1-3662-4FE1-8016-A44D79A09124}.Debug|Any CPU.ActiveCfg = Debug|Any CPU
		{19EC44D1-3662-4FE1-8016-A44D79A09124}.Debug|Any CPU.Build.0 = Debug|Any CPU
		{19EC44D1-3662-4FE1-8016-A44D79A09124}.Release|Any CPU.ActiveCfg = Release|Any CPU
		{19EC44D1-3662-4FE1-8016-A44D79A09124}.Release|Any CPU.Build.0 = Release|Any CPU
		{6A9FF9F4-D8DC-4843-93D8-7A2599FE44BE}.Debug|Any CPU.ActiveCfg = Debug|Any CPU
		{6A9FF9F4-D8DC-4843-93D8-7A2599FE44BE}.Debug|Any CPU.Build.0 = Debug|Any CPU
		{6A9FF9F4-D8DC-4843-93D8-7A2599FE44BE}.Release|Any CPU.ActiveCfg = Release|Any CPU
		{6A9FF9F4-D8DC-4843-93D8-7A2599FE44BE}.Release|Any CPU.Build.0 = Release|Any CPU
		{4189FA50-D42F-4DB5-BAD9-4E7CB90ED6BD}.Debug|Any CPU.ActiveCfg = Debug|Any CPU
		{4189FA50-D42F-4DB5-BAD9-4E7CB90ED6BD}.Debug|Any CPU.Build.0 = Debug|Any CPU
		{4189FA50-D42F-4DB5-BAD9-4E7CB90ED6BD}.Release|Any CPU.ActiveCfg = Release|Any CPU
		{4189FA50-D42F-4DB5-BAD9-4E7CB90ED6BD}.Release|Any CPU.Build.0 = Release|Any CPU
		{81070D96-B0D3-4D25-A472-C4E138D420DF}.Debug|Any CPU.ActiveCfg = Debug|Any CPU
		{81070D96-B0D3-4D25-A472-C4E138D420DF}.Debug|Any CPU.Build.0 = Debug|Any CPU
		{81070D96-B0D3-4D25-A472-C4E138D420DF}.Release|Any CPU.ActiveCfg = Release|Any CPU
		{81070D96-B0D3-4D25-A472-C4E138D420DF}.Release|Any CPU.Build.0 = Release|Any CPU
		{EC07B8BD-82C2-43D2-8EC1-2A0A9CDFBD25}.Debug|Any CPU.ActiveCfg = Debug|Any CPU
		{EC07B8BD-82C2-43D2-8EC1-2A0A9CDFBD25}.Debug|Any CPU.Build.0 = Debug|Any CPU
		{EC07B8BD-82C2-43D2-8EC1-2A0A9CDFBD25}.Release|Any CPU.ActiveCfg = Release|Any CPU
		{EC07B8BD-82C2-43D2-8EC1-2A0A9CDFBD25}.Release|Any CPU.Build.0 = Release|Any CPU
		{BADB4F82-E009-4F3A-92E7-D205E4A602DE}.Debug|Any CPU.ActiveCfg = Debug|Any CPU
		{BADB4F82-E009-4F3A-92E7-D205E4A602DE}.Debug|Any CPU.Build.0 = Debug|Any CPU
		{BADB4F82-E009-4F3A-92E7-D205E4A602DE}.Release|Any CPU.ActiveCfg = Release|Any CPU
		{BADB4F82-E009-4F3A-92E7-D205E4A602DE}.Release|Any CPU.Build.0 = Release|Any CPU
		{DDA594E5-C99A-47F5-9ADC-BB193E5AF32A}.Debug|Any CPU.ActiveCfg = Debug|Any CPU
		{DDA594E5-C99A-47F5-9ADC-BB193E5AF32A}.Debug|Any CPU.Build.0 = Debug|Any CPU
		{DDA594E5-C99A-47F5-9ADC-BB193E5AF32A}.Release|Any CPU.ActiveCfg = Release|Any CPU
		{DDA594E5-C99A-47F5-9ADC-BB193E5AF32A}.Release|Any CPU.Build.0 = Release|Any CPU
		{B291D53D-DE86-471D-9EFD-28F11DCBF8D8}.Debug|Any CPU.ActiveCfg = Debug|Any CPU
		{B291D53D-DE86-471D-9EFD-28F11DCBF8D8}.Debug|Any CPU.Build.0 = Debug|Any CPU
		{B291D53D-DE86-471D-9EFD-28F11DCBF8D8}.Release|Any CPU.ActiveCfg = Release|Any CPU
		{B291D53D-DE86-471D-9EFD-28F11DCBF8D8}.Release|Any CPU.Build.0 = Release|Any CPU
		{65FD5F4F-B24E-48C3-ABEA-7C4866EBCA06}.Debug|Any CPU.ActiveCfg = Debug|Any CPU
		{65FD5F4F-B24E-48C3-ABEA-7C4866EBCA06}.Debug|Any CPU.Build.0 = Debug|Any CPU
		{65FD5F4F-B24E-48C3-ABEA-7C4866EBCA06}.Release|Any CPU.ActiveCfg = Release|Any CPU
		{65FD5F4F-B24E-48C3-ABEA-7C4866EBCA06}.Release|Any CPU.Build.0 = Release|Any CPU
		{8829B6E9-85EC-428F-B676-67179E0B47D3}.Debug|Any CPU.ActiveCfg = Debug|Any CPU
		{8829B6E9-85EC-428F-B676-67179E0B47D3}.Debug|Any CPU.Build.0 = Debug|Any CPU
		{8829B6E9-85EC-428F-B676-67179E0B47D3}.Release|Any CPU.ActiveCfg = Release|Any CPU
		{8829B6E9-85EC-428F-B676-67179E0B47D3}.Release|Any CPU.Build.0 = Release|Any CPU
		{B762EE11-793A-4352-8671-39AA1E637CD4}.Debug|Any CPU.ActiveCfg = Debug|Any CPU
		{B762EE11-793A-4352-8671-39AA1E637CD4}.Debug|Any CPU.Build.0 = Debug|Any CPU
		{B762EE11-793A-4352-8671-39AA1E637CD4}.Release|Any CPU.ActiveCfg = Release|Any CPU
		{B762EE11-793A-4352-8671-39AA1E637CD4}.Release|Any CPU.Build.0 = Release|Any CPU
		{9F671448-FD85-48D7-A91A-39442BEDF354}.Debug|Any CPU.ActiveCfg = Debug|Any CPU
		{9F671448-FD85-48D7-A91A-39442BEDF354}.Debug|Any CPU.Build.0 = Debug|Any CPU
		{9F671448-FD85-48D7-A91A-39442BEDF354}.Release|Any CPU.ActiveCfg = Release|Any CPU
		{9F671448-FD85-48D7-A91A-39442BEDF354}.Release|Any CPU.Build.0 = Release|Any CPU
	EndGlobalSection
	GlobalSection(SolutionProperties) = preSolution
		HideSolutionNode = FALSE
	EndGlobalSection
	GlobalSection(NestedProjects) = preSolution
		{ADF55400-48B7-4103-8B1D-EAF2FDAC03E5} = {7CB7F2B9-58D9-4D5B-88E7-5932DAEDDE9B}
		{39FC7EAC-509B-4984-9D73-E30FAAB06C91} = {7CB7F2B9-58D9-4D5B-88E7-5932DAEDDE9B}
		{5AA1B6DF-E585-4A27-8941-821DBAB37989} = {7CB7F2B9-58D9-4D5B-88E7-5932DAEDDE9B}
		{6AEA4250-A9C4-4E07-9C1B-D0C9808112C7} = {C5DFAAA2-D596-410F-82B0-8B52CCB52995}
		{B657C6E4-852D-476E-961C-77C9E6C038EB} = {C5DFAAA2-D596-410F-82B0-8B52CCB52995}
		{FFFBEF86-77E3-4B8D-ABAF-18E9353EBC56} = {C5DFAAA2-D596-410F-82B0-8B52CCB52995}
		{0EE40625-8C2B-46B7-8F87-B4B6D73F12E7} = {646A8751-4F7A-4244-9399-4F7861BC0B6C}
		{AB450606-48D0-4C88-BF76-D6050EDEECAE} = {646A8751-4F7A-4244-9399-4F7861BC0B6C}
		{0132836C-DAA5-49C1-83CE-E799AB21179C} = {646A8751-4F7A-4244-9399-4F7861BC0B6C}
		{D9C1C4CB-81F0-4ED1-9E0C-416AC985E324} = {D9884CEE-2381-4318-AC5A-0DA3AAA7C376}
		{1C7A6687-9F5D-4AFD-AC2B-480E7FA4E165} = {D9884CEE-2381-4318-AC5A-0DA3AAA7C376}
		{7EF9D70D-979C-4D47-9C04-64393616D89F} = {D9884CEE-2381-4318-AC5A-0DA3AAA7C376}
		{19EC44D1-3662-4FE1-8016-A44D79A09124} = {F3393C06-01E4-474D-A65C-1473FD4D1A18}
		{6A9FF9F4-D8DC-4843-93D8-7A2599FE44BE} = {F3393C06-01E4-474D-A65C-1473FD4D1A18}
		{4189FA50-D42F-4DB5-BAD9-4E7CB90ED6BD} = {F3393C06-01E4-474D-A65C-1473FD4D1A18}
		{81070D96-B0D3-4D25-A472-C4E138D420DF} = {8E563C7F-92F2-427E-B12E-275B3160AC2F}
		{EC07B8BD-82C2-43D2-8EC1-2A0A9CDFBD25} = {8E563C7F-92F2-427E-B12E-275B3160AC2F}
		{BADB4F82-E009-4F3A-92E7-D205E4A602DE} = {8E563C7F-92F2-427E-B12E-275B3160AC2F}
		{DDA594E5-C99A-47F5-9ADC-BB193E5AF32A} = {45B5D225-F3B1-42A1-ABFD-F6DC179C0A74}
		{B291D53D-DE86-471D-9EFD-28F11DCBF8D8} = {45B5D225-F3B1-42A1-ABFD-F6DC179C0A74}
		{65FD5F4F-B24E-48C3-ABEA-7C4866EBCA06} = {45B5D225-F3B1-42A1-ABFD-F6DC179C0A74}
		{8829B6E9-85EC-428F-B676-67179E0B47D3} = {A02BF45B-BA4C-4E95-8523-4616BB4E1176}
		{B762EE11-793A-4352-8671-39AA1E637CD4} = {A02BF45B-BA4C-4E95-8523-4616BB4E1176}
		{9F671448-FD85-48D7-A91A-39442BEDF354} = {A02BF45B-BA4C-4E95-8523-4616BB4E1176}
	EndGlobalSection
	GlobalSection(ExtensibilityGlobals) = postSolution
		SolutionGuid = {29085D95-E053-4BFB-B3B8-6623B5ADD84A}
	EndGlobalSection
EndGlobal
