
Microsoft Visual Studio Solution File, Format Version 12.00
# Visual Studio Version 16
VisualStudioVersion = 16.0.33927.289
MinimumVisualStudioVersion = 10.0.40219.1
Project("{2150E333-8FDC-42A3-9474-1A3956D46DE8}") = "Task0", "Task0", "{7CB7F2B9-58D9-4D5B-88E7-5932DAEDDE9B}"
EndProject
Project("{FAE04EC0-301F-11D3-BF4B-00C04F79EFBC}") = "Tyuiu.LachuginAV.Sprint2.Task0.V4", "Tyuiu.LachuginAV.Sprint2.Task0.V4\Tyuiu.LachuginAV.Sprint2.Task0.V4.csproj", "{ADF55400-48B7-4103-8B1D-EAF2FDAC03E5}"
EndProject
Project("{FAE04EC0-301F-11D3-BF4B-00C04F79EFBC}") = "Tyuiu.LachuginAV.Sprint2.Task0.V4.Lib", "Tyuiu.LachuginAV.Sprint2.Task0.V4.Lib\Tyuiu.LachuginAV.Sprint2.Task0.V4.Lib.csproj", "{39FC7EAC-509B-4984-9D73-E30FAAB06C91}"
EndProject
Project("{FAE04EC0-301F-11D3-BF4B-00C04F79EFBC}") = "Tyuiu.LachuginAV.Sprint2.Task0.V4.Test", "Tyuiu.LachuginAV.Sprint2.Task0.V4.Test\Tyuiu.LachuginAV.Sprint2.Task0.V4.Test.csproj", "{5AA1B6DF-E585-4A27-8941-821DBAB37989}"
EndProject
Project("{2150E333-8FDC-42A3-9474-1A3956D46DE8}") = "Task1", "Task1", "{C5DFAAA2-D596-410F-82B0-8B52CCB52995}"
EndProject
Project("{FAE04EC0-301F-11D3-BF4B-00C04F79EFBC}") = "Tyuiu.LachuginAV.Sprint2.Task1.V28", "Tyuiu.LachuginAV.Sprint2.Task1.V28\Tyuiu.LachuginAV.Sprint2.Task1.V28.csproj", "{6AEA4250-A9C4-4E07-9C1B-D0C9808112C7}"
EndProject
Project("{FAE04EC0-301F-11D3-BF4B-00C04F79EFBC}") = "Tyuiu.LachuginAV.Sprint2.Task1.V28.Lib", "Tyuiu.LachuginAV.Sprint2.Task1.V28.Lib\Tyuiu.LachuginAV.Sprint2.Task1.V28.Lib.csproj", "{B657C6E4-852D-476E-961C-77C9E6C038EB}"
EndProject
Project("{FAE04EC0-301F-11D3-BF4B-00C04F79EFBC}") = "Tyuiu.LachuginAV.Sprint2.Task1.V28.Test", "Tyuiu.LachuginAV.Sprint2.Task1.V28.Test\Tyuiu.LachuginAV.Sprint2.Task1.V28.Test.csproj", "{FFFBEF86-77E3-4B8D-ABAF-18E9353EBC56}"
EndProject
Project("{2150E333-8FDC-42A3-9474-1A3956D46DE8}") = "Task2", "Task2", "{646A8751-4F7A-4244-9399-4F7861BC0B6C}"
EndProject
Project("{FAE04EC0-301F-11D3-BF4B-00C04F79EFBC}") = "Tyuiu.LachuginAV.Sprint2.Task2.V16", "Tyuiu.LachuginAV.Sprint2.Task2.V16\Tyuiu.LachuginAV.Sprint2.Task2.V16.csproj", "{0EE40625-8C2B-46B7-8F87-B4B6D73F12E7}"
EndProject
Project("{FAE04EC0-301F-11D3-BF4B-00C04F79EFBC}") = "Tyuiu.LachuginAV.Sprint2.Task2.V16.Lib", "Tyuiu.LachuginAV.Sprint2.Task2.V16.Lib\Tyuiu.LachuginAV.Sprint2.Task2.V16.Lib.csproj", "{AB450606-48D0-4C88-BF76-D6050EDEECAE}"
EndProject
Project("{FAE04EC0-301F-11D3-BF4B-00C04F79EFBC}") = "Tyuiu.LachuginAV.Sprint2.Task2.V16.Test", "Tyuiu.LachuginAV.Sprint2.Task2.V16.Test\Tyuiu.LachuginAV.Sprint2.Task2.V16.Test.csproj", "{0132836C-DAA5-49C1-83CE-E799AB21179C}"
EndProject
Project("{2150E333-8FDC-42A3-9474-1A3956D46DE8}") = "Task3", "Task3", "{D9884CEE-2381-4318-AC5A-0DA3AAA7C376}"
EndProject
Project("{FAE04EC0-301F-11D3-BF4B-00C04F79EFBC}") = "Tyuiu.LachuginAV.Sprint2.Task3.V2", "Tyuiu.LachuginAV.Sprint2.Task3.V2\Tyuiu.LachuginAV.Sprint2.Task3.V2.csproj", "{D9C1C4CB-81F0-4ED1-9E0C-416AC985E324}"
EndProject
Project("{FAE04EC0-301F-11D3-BF4B-00C04F79EFBC}") = "Tyuiu.LachuginAV.Sprint2.Task3.V2.Lib", "Tyuiu.LachuginAV.Sprint2.Task3.V2.Lib\Tyuiu.LachuginAV.Sprint2.Task3.V2.Lib.csproj", "{1C7A6687-9F5D-4AFD-AC2B-480E7FA4E165}"
EndProject
Project("{FAE04EC0-301F-11D3-BF4B-00C04F79EFBC}") = "Tyuiu.LachuginAV.Sprint2.Task3.V2.Test", "Tyuiu.LachuginAV.Sprint2.Task3.V2.Test\Tyuiu.LachuginAV.Sprint2.Task3.V2.Test.csproj", "{7EF9D70D-979C-4D47-9C04-64393616D89F}"
EndProject
Project("{2150E333-8FDC-42A3-9474-1A3956D46DE8}") = "Task4", "Task4", "{F3393C06-01E4-474D-A65C-1473FD4D1A18}"
EndProject
Project("{FAE04EC0-301F-11D3-BF4B-00C04F79EFBC}") = "Tyuiu.LachuginAV.Sprint2.Task4.V12", "Tyuiu.LachuginAV.Sprint2.Task4.V12\Tyuiu.LachuginAV.Sprint2.Task4.V12.csproj", "{19EC44D1-3662-4FE1-8016-A44D79A09124}"
EndProject
Project("{FAE04EC0-301F-11D3-BF4B-00C04F79EFBC}") = "Tyuiu.LachuginAV.Sprint2.Task4.V12.Lib", "Tyuiu.LachuginAV.Sprint2.Task4.V12.Lib\Tyuiu.LachuginAV.Sprint2.Task4.V12.Lib.csproj", "{6A9FF9F4-D8DC-4843-93D8-7A2599FE44BE}"
EndProject
Project("{FAE04EC0-301F-11D3-BF4B-00C04F79EFBC}") = "Tyuiu.LachuginAV.Sprint2.Task4.V12.Test", "Tyuiu.LachuginAV.Sprint2.Task4.V12.Test\Tyuiu.LachuginAV.Sprint2.Task4.V12.Test.csproj", "{4189FA50-D42F-4DB5-BAD9-4E7CB90ED6BD}"
EndProject
Project("{2150E333-8FDC-42A3-9474-1A3956D46DE8}") = "Task5", "Task5", "{2C6F4172-7003-45DE-A86D-D4D59A7277EB}"
EndProject
Project("{FAE04EC0-301F-11D3-BF4B-00C04F79EFBC}") = "Tyuiu.LachuginAV.Sprint2.Task5.V9", "Tyuiu.LachuginAV.Sprint2.Task5.V9\Tyuiu.LachuginAV.Sprint2.Task5.V9.csproj", "{6232C94D-A844-44E7-BCA2-67484E94359A}"
EndProject
Project("{FAE04EC0-301F-11D3-BF4B-00C04F79EFBC}") = "Tyuiu.LachuginAV.Sprint2.Task5.V9.Lib", "Tyuiu.LachuginAV.Sprint2.Task5.V9.Lib\Tyuiu.LachuginAV.Sprint2.Task5.V9.Lib.csproj", "{A8B21998-2798-4C87-97F0-73EF84705E7A}"
EndProject
Project("{FAE04EC0-301F-11D3-BF4B-00C04F79EFBC}") = "Tyuiu.LachuginAV.Sprint2.Task5.V9.Test", "Tyuiu.LachuginAV.Sprint2.Task5.V9.Test\Tyuiu.LachuginAV.Sprint2.Task5.V9.Test.csproj", "{70E74D52-A1B6-4F69-B14B-918AE0ABE5BF}"
EndProject
Project("{2150E333-8FDC-42A3-9474-1A3956D46DE8}") = "Task6", "Task6", "{1FB168B6-0E74-4145-BEB9-21B0AD291984}"
EndProject
Project("{FAE04EC0-301F-11D3-BF4B-00C04F79EFBC}") = "Tyuiu.LachuginAV.Sprint2.Task6.V8", "Tyuiu.LachuginAV.Sprint2.Task6.V8\Tyuiu.LachuginAV.Sprint2.Task6.V8.csproj", "{BDBEC057-BE0B-49E1-BB29-4A345D6C1728}"
EndProject
Project("{FAE04EC0-301F-11D3-BF4B-00C04F79EFBC}") = "Tyuiu.LachuginAV.Sprint2.Task6.V8.Lib", "Tyuiu.LachuginAV.Sprint2.Task6.V8.Lib\Tyuiu.LachuginAV.Sprint2.Task6.V8.Lib.csproj", "{CF034641-B960-47F2-9B9F-DEEB888A57BA}"
EndProject
Project("{FAE04EC0-301F-11D3-BF4B-00C04F79EFBC}") = "Tyuiu.LachuginAV.Sprint2.Task6.V8.Test", "Tyuiu.LachuginAV.Sprint2.Task6.V8.Test\Tyuiu.LachuginAV.Sprint2.Task6.V8.Test.csproj", "{303C99E7-BD99-4529-9C3F-B6E21CD62022}"
EndProject
Project("{2150E333-8FDC-42A3-9474-1A3956D46DE8}") = "Task7", "Task7", "{1A7C5781-B4DD-4254-B240-F5771392EF0A}"
EndProject
Project("{FAE04EC0-301F-11D3-BF4B-00C04F79EFBC}") = "Tyuiu.LachuginAV.Sprint2.Task7.V10", "Tyuiu.LachuginAV.Sprint2.Task7.V10\Tyuiu.LachuginAV.Sprint2.Task7.V10.csproj", "{03035267-0C5E-427A-8210-1931E81F3C31}"
EndProject
Project("{FAE04EC0-301F-11D3-BF4B-00C04F79EFBC}") = "Tyuiu.LachuginAV.Sprint2.Task7.V10.Lib", "Tyuiu.LachuginAV.Sprint2.Task7.V10.Lib\Tyuiu.LachuginAV.Sprint2.Task7.V10.Lib.csproj", "{F888A3DC-1F62-4BF9-A714-82552174EAF5}"
EndProject
Project("{FAE04EC0-301F-11D3-BF4B-00C04F79EFBC}") = "Tyuiu.LachuginAV.Sprint2.Task7.V10.Test", "Tyuiu.LachuginAV.Sprint2.Task7.V10.Test\Tyuiu.LachuginAV.Sprint2.Task7.V10.Test.csproj", "{4DFDB2DC-3AFD-447F-9639-409CDF65DAD9}"
EndProject
Global
	GlobalSection(SolutionConfigurationPlatforms) = preSolution
		Debug|Any CPU = Debug|Any CPU
		Release|Any CPU = Release|Any CPU
	EndGlobalSection
	GlobalSection(ProjectConfigurationPlatforms) = postSolution
		{ADF55400-48B7-4103-8B1D-EAF2FDAC03E5}.Debug|Any CPU.ActiveCfg = Debug|Any CPU
		{ADF55400-48B7-4103-8B1D-EAF2FDAC03E5}.Debug|Any CPU.Build.0 = Debug|Any CPU
		{ADF55400-48B7-4103-8B1D-EAF2FDAC03E5}.Release|Any CPU.ActiveCfg = Release|Any CPU
		{ADF55400-48B7-4103-8B1D-EAF2FDAC03E5}.Release|Any CPU.Build.0 = Release|Any CPU
		{39FC7EAC-509B-4984-9D73-E30FAAB06C91}.Debug|Any CPU.ActiveCfg = Debug|Any CPU
		{39FC7EAC-509B-4984-9D73-E30FAAB06C91}.Debug|Any CPU.Build.0 = Debug|Any CPU
		{39FC7EAC-509B-4984-9D73-E30FAAB06C91}.Release|Any CPU.ActiveCfg = Release|Any CPU
		{39FC7EAC-509B-4984-9D73-E30FAAB06C91}.Release|Any CPU.Build.0 = Release|Any CPU
		{5AA1B6DF-E585-4A27-8941-821DBAB37989}.Debug|Any CPU.ActiveCfg = Debug|Any CPU
		{5AA1B6DF-E585-4A27-8941-821DBAB37989}.Debug|Any CPU.Build.0 = Debug|Any CPU
		{5AA1B6DF-E585-4A27-8941-821DBAB37989}.Release|Any CPU.ActiveCfg = Release|Any CPU
		{5AA1B6DF-E585-4A27-8941-821DBAB37989}.Release|Any CPU.Build.0 = Release|Any CPU
		{6AEA4250-A9C4-4E07-9C1B-D0C9808112C7}.Debug|Any CPU.ActiveCfg = Debug|Any CPU
		{6AEA4250-A9C4-4E07-9C1B-D0C9808112C7}.Debug|Any CPU.Build.0 = Debug|Any CPU
		{6AEA4250-A9C4-4E07-9C1B-D0C9808112C7}.Release|Any CPU.ActiveCfg = Release|Any CPU
		{6AEA4250-A9C4-4E07-9C1B-D0C9808112C7}.Release|Any CPU.Build.0 = Release|Any CPU
		{B657C6E4-852D-476E-961C-77C9E6C038EB}.Debug|Any CPU.ActiveCfg = Debug|Any CPU
		{B657C6E4-852D-476E-961C-77C9E6C038EB}.Debug|Any CPU.Build.0 = Debug|Any CPU
		{B657C6E4-852D-476E-961C-77C9E6C038EB}.Release|Any CPU.ActiveCfg = Release|Any CPU
		{B657C6E4-852D-476E-961C-77C9E6C038EB}.Release|Any CPU.Build.0 = Release|Any CPU
		{FFFBEF86-77E3-4B8D-ABAF-18E9353EBC56}.Debug|Any CPU.ActiveCfg = Debug|Any CPU
		{FFFBEF86-77E3-4B8D-ABAF-18E9353EBC56}.Debug|Any CPU.Build.0 = Debug|Any CPU
		{FFFBEF86-77E3-4B8D-ABAF-18E9353EBC56}.Release|Any CPU.ActiveCfg = Release|Any CPU
		{FFFBEF86-77E3-4B8D-ABAF-18E9353EBC56}.Release|Any CPU.Build.0 = Release|Any CPU
		{0EE40625-8C2B-46B7-8F87-B4B6D73F12E7}.Debug|Any CPU.ActiveCfg = Debug|Any CPU
		{0EE40625-8C2B-46B7-8F87-B4B6D73F12E7}.Debug|Any CPU.Build.0 = Debug|Any CPU
		{0EE40625-8C2B-46B7-8F87-B4B6D73F12E7}.Release|Any CPU.ActiveCfg = Release|Any CPU
		{0EE40625-8C2B-46B7-8F87-B4B6D73F12E7}.Release|Any CPU.Build.0 = Release|Any CPU
		{AB450606-48D0-4C88-BF76-D6050EDEECAE}.Debug|Any CPU.ActiveCfg = Debug|Any CPU
		{AB450606-48D0-4C88-BF76-D6050EDEECAE}.Debug|Any CPU.Build.0 = Debug|Any CPU
		{AB450606-48D0-4C88-BF76-D6050EDEECAE}.Release|Any CPU.ActiveCfg = Release|Any CPU
		{AB450606-48D0-4C88-BF76-D6050EDEECAE}.Release|Any CPU.Build.0 = Release|Any CPU
		{0132836C-DAA5-49C1-83CE-E799AB21179C}.Debug|Any CPU.ActiveCfg = Debug|Any CPU
		{0132836C-DAA5-49C1-83CE-E799AB21179C}.Debug|Any CPU.Build.0 = Debug|Any CPU
		{0132836C-DAA5-49C1-83CE-E799AB21179C}.Release|Any CPU.ActiveCfg = Release|Any CPU
		{0132836C-DAA5-49C1-83CE-E799AB21179C}.Release|Any CPU.Build.0 = Release|Any CPU
		{D9C1C4CB-81F0-4ED1-9E0C-416AC985E324}.Debug|Any CPU.ActiveCfg = Debug|Any CPU
		{D9C1C4CB-81F0-4ED1-9E0C-416AC985E324}.Debug|Any CPU.Build.0 = Debug|Any CPU
		{D9C1C4CB-81F0-4ED1-9E0C-416AC985E324}.Release|Any CPU.ActiveCfg = Release|Any CPU
		{D9C1C4CB-81F0-4ED1-9E0C-416AC985E324}.Release|Any CPU.Build.0 = Release|Any CPU
		{1C7A6687-9F5D-4AFD-AC2B-480E7FA4E165}.Debug|Any CPU.ActiveCfg = Debug|Any CPU
		{1C7A6687-9F5D-4AFD-AC2B-480E7FA4E165}.Debug|Any CPU.Build.0 = Debug|Any CPU
		{1C7A6687-9F5D-4AFD-AC2B-480E7FA4E165}.Release|Any CPU.ActiveCfg = Release|Any CPU
		{1C7A6687-9F5D-4AFD-AC2B-480E7FA4E165}.Release|Any CPU.Build.0 = Release|Any CPU
		{7EF9D70D-979C-4D47-9C04-64393616D89F}.Debug|Any CPU.ActiveCfg = Debug|Any CPU
		{7EF9D70D-979C-4D47-9C04-64393616D89F}.Debug|Any CPU.Build.0 = Debug|Any CPU
		{7EF9D70D-979C-4D47-9C04-64393616D89F}.Release|Any CPU.ActiveCfg = Release|Any CPU
		{7EF9D70D-979C-4D47-9C04-64393616D89F}.Release|Any CPU.Build.0 = Release|Any CPU
		{19EC44D1-3662-4FE1-8016-A44D79A09124}.Debug|Any CPU.ActiveCfg = Debug|Any CPU
		{19EC44D1-3662-4FE1-8016-A44D79A09124}.Debug|Any CPU.Build.0 = Debug|Any CPU
		{19EC44D1-3662-4FE1-8016-A44D79A09124}.Release|Any CPU.ActiveCfg = Release|Any CPU
		{19EC44D1-3662-4FE1-8016-A44D79A09124}.Release|Any CPU.Build.0 = Release|Any CPU
		{6A9FF9F4-D8DC-4843-93D8-7A2599FE44BE}.Debug|Any CPU.ActiveCfg = Debug|Any CPU
		{6A9FF9F4-D8DC-4843-93D8-7A2599FE44BE}.Debug|Any CPU.Build.0 = Debug|Any CPU
		{6A9FF9F4-D8DC-4843-93D8-7A2599FE44BE}.Release|Any CPU.ActiveCfg = Release|Any CPU
		{6A9FF9F4-D8DC-4843-93D8-7A2599FE44BE}.Release|Any CPU.Build.0 = Release|Any CPU
		{4189FA50-D42F-4DB5-BAD9-4E7CB90ED6BD}.Debug|Any CPU.ActiveCfg = Debug|Any CPU
		{4189FA50-D42F-4DB5-BAD9-4E7CB90ED6BD}.Debug|Any CPU.Build.0 = Debug|Any CPU
		{4189FA50-D42F-4DB5-BAD9-4E7CB90ED6BD}.Release|Any CPU.ActiveCfg = Release|Any CPU
		{4189FA50-D42F-4DB5-BAD9-4E7CB90ED6BD}.Release|Any CPU.Build.0 = Release|Any CPU
		{6232C94D-A844-44E7-BCA2-67484E94359A}.Debug|Any CPU.ActiveCfg = Debug|Any CPU
		{6232C94D-A844-44E7-BCA2-67484E94359A}.Debug|Any CPU.Build.0 = Debug|Any CPU
		{6232C94D-A844-44E7-BCA2-67484E94359A}.Release|Any CPU.ActiveCfg = Release|Any CPU
		{6232C94D-A844-44E7-BCA2-67484E94359A}.Release|Any CPU.Build.0 = Release|Any CPU
		{A8B21998-2798-4C87-97F0-73EF84705E7A}.Debug|Any CPU.ActiveCfg = Debug|Any CPU
		{A8B21998-2798-4C87-97F0-73EF84705E7A}.Debug|Any CPU.Build.0 = Debug|Any CPU
		{A8B21998-2798-4C87-97F0-73EF84705E7A}.Release|Any CPU.ActiveCfg = Release|Any CPU
		{A8B21998-2798-4C87-97F0-73EF84705E7A}.Release|Any CPU.Build.0 = Release|Any CPU
		{70E74D52-A1B6-4F69-B14B-918AE0ABE5BF}.Debug|Any CPU.ActiveCfg = Debug|Any CPU
		{70E74D52-A1B6-4F69-B14B-918AE0ABE5BF}.Debug|Any CPU.Build.0 = Debug|Any CPU
		{70E74D52-A1B6-4F69-B14B-918AE0ABE5BF}.Release|Any CPU.ActiveCfg = Release|Any CPU
		{70E74D52-A1B6-4F69-B14B-918AE0ABE5BF}.Release|Any CPU.Build.0 = Release|Any CPU
		{BDBEC057-BE0B-49E1-BB29-4A345D6C1728}.Debug|Any CPU.ActiveCfg = Debug|Any CPU
		{BDBEC057-BE0B-49E1-BB29-4A345D6C1728}.Debug|Any CPU.Build.0 = Debug|Any CPU
		{BDBEC057-BE0B-49E1-BB29-4A345D6C1728}.Release|Any CPU.ActiveCfg = Release|Any CPU
		{BDBEC057-BE0B-49E1-BB29-4A345D6C1728}.Release|Any CPU.Build.0 = Release|Any CPU
		{CF034641-B960-47F2-9B9F-DEEB888A57BA}.Debug|Any CPU.ActiveCfg = Debug|Any CPU
		{CF034641-B960-47F2-9B9F-DEEB888A57BA}.Debug|Any CPU.Build.0 = Debug|Any CPU
		{CF034641-B960-47F2-9B9F-DEEB888A57BA}.Release|Any CPU.ActiveCfg = Release|Any CPU
		{CF034641-B960-47F2-9B9F-DEEB888A57BA}.Release|Any CPU.Build.0 = Release|Any CPU
		{303C99E7-BD99-4529-9C3F-B6E21CD62022}.Debug|Any CPU.ActiveCfg = Debug|Any CPU
		{303C99E7-BD99-4529-9C3F-B6E21CD62022}.Debug|Any CPU.Build.0 = Debug|Any CPU
		{303C99E7-BD99-4529-9C3F-B6E21CD62022}.Release|Any CPU.ActiveCfg = Release|Any CPU
		{303C99E7-BD99-4529-9C3F-B6E21CD62022}.Release|Any CPU.Build.0 = Release|Any CPU
		{03035267-0C5E-427A-8210-1931E81F3C31}.Debug|Any CPU.ActiveCfg = Debug|Any CPU
		{03035267-0C5E-427A-8210-1931E81F3C31}.Debug|Any CPU.Build.0 = Debug|Any CPU
		{03035267-0C5E-427A-8210-1931E81F3C31}.Release|Any CPU.ActiveCfg = Release|Any CPU
		{03035267-0C5E-427A-8210-1931E81F3C31}.Release|Any CPU.Build.0 = Release|Any CPU
		{F888A3DC-1F62-4BF9-A714-82552174EAF5}.Debug|Any CPU.ActiveCfg = Debug|Any CPU
		{F888A3DC-1F62-4BF9-A714-82552174EAF5}.Debug|Any CPU.Build.0 = Debug|Any CPU
		{F888A3DC-1F62-4BF9-A714-82552174EAF5}.Release|Any CPU.ActiveCfg = Release|Any CPU
		{F888A3DC-1F62-4BF9-A714-82552174EAF5}.Release|Any CPU.Build.0 = Release|Any CPU
		{4DFDB2DC-3AFD-447F-9639-409CDF65DAD9}.Debug|Any CPU.ActiveCfg = Debug|Any CPU
		{4DFDB2DC-3AFD-447F-9639-409CDF65DAD9}.Debug|Any CPU.Build.0 = Debug|Any CPU
		{4DFDB2DC-3AFD-447F-9639-409CDF65DAD9}.Release|Any CPU.ActiveCfg = Release|Any CPU
		{4DFDB2DC-3AFD-447F-9639-409CDF65DAD9}.Release|Any CPU.Build.0 = Release|Any CPU
	EndGlobalSection
	GlobalSection(SolutionProperties) = preSolution
		HideSolutionNode = FALSE
	EndGlobalSection
	GlobalSection(NestedProjects) = preSolution
		{ADF55400-48B7-4103-8B1D-EAF2FDAC03E5} = {7CB7F2B9-58D9-4D5B-88E7-5932DAEDDE9B}
		{39FC7EAC-509B-4984-9D73-E30FAAB06C91} = {7CB7F2B9-58D9-4D5B-88E7-5932DAEDDE9B}
		{5AA1B6DF-E585-4A27-8941-821DBAB37989} = {7CB7F2B9-58D9-4D5B-88E7-5932DAEDDE9B}
		{6AEA4250-A9C4-4E07-9C1B-D0C9808112C7} = {C5DFAAA2-D596-410F-82B0-8B52CCB52995}
		{B657C6E4-852D-476E-961C-77C9E6C038EB} = {C5DFAAA2-D596-410F-82B0-8B52CCB52995}
		{FFFBEF86-77E3-4B8D-ABAF-18E9353EBC56} = {C5DFAAA2-D596-410F-82B0-8B52CCB52995}
		{0EE40625-8C2B-46B7-8F87-B4B6D73F12E7} = {646A8751-4F7A-4244-9399-4F7861BC0B6C}
		{AB450606-48D0-4C88-BF76-D6050EDEECAE} = {646A8751-4F7A-4244-9399-4F7861BC0B6C}
		{0132836C-DAA5-49C1-83CE-E799AB21179C} = {646A8751-4F7A-4244-9399-4F7861BC0B6C}
		{D9C1C4CB-81F0-4ED1-9E0C-416AC985E324} = {D9884CEE-2381-4318-AC5A-0DA3AAA7C376}
		{1C7A6687-9F5D-4AFD-AC2B-480E7FA4E165} = {D9884CEE-2381-4318-AC5A-0DA3AAA7C376}
		{7EF9D70D-979C-4D47-9C04-64393616D89F} = {D9884CEE-2381-4318-AC5A-0DA3AAA7C376}
		{19EC44D1-3662-4FE1-8016-A44D79A09124} = {F3393C06-01E4-474D-A65C-1473FD4D1A18}
		{6A9FF9F4-D8DC-4843-93D8-7A2599FE44BE} = {F3393C06-01E4-474D-A65C-1473FD4D1A18}
		{4189FA50-D42F-4DB5-BAD9-4E7CB90ED6BD} = {F3393C06-01E4-474D-A65C-1473FD4D1A18}
		{6232C94D-A844-44E7-BCA2-67484E94359A} = {2C6F4172-7003-45DE-A86D-D4D59A7277EB}
		{A8B21998-2798-4C87-97F0-73EF84705E7A} = {2C6F4172-7003-45DE-A86D-D4D59A7277EB}
		{70E74D52-A1B6-4F69-B14B-918AE0ABE5BF} = {2C6F4172-7003-45DE-A86D-D4D59A7277EB}
		{BDBEC057-BE0B-49E1-BB29-4A345D6C1728} = {1FB168B6-0E74-4145-BEB9-21B0AD291984}
		{CF034641-B960-47F2-9B9F-DEEB888A57BA} = {1FB168B6-0E74-4145-BEB9-21B0AD291984}
		{303C99E7-BD99-4529-9C3F-B6E21CD62022} = {1FB168B6-0E74-4145-BEB9-21B0AD291984}
		{03035267-0C5E-427A-8210-1931E81F3C31} = {1A7C5781-B4DD-4254-B240-F5771392EF0A}
		{F888A3DC-1F62-4BF9-A714-82552174EAF5} = {1A7C5781-B4DD-4254-B240-F5771392EF0A}
		{4DFDB2DC-3AFD-447F-9639-409CDF65DAD9} = {1A7C5781-B4DD-4254-B240-F5771392EF0A}
	EndGlobalSection
	GlobalSection(ExtensibilityGlobals) = postSolution
		SolutionGuid = {29085D95-E053-4BFB-B3B8-6623B5ADD84A}
	EndGlobalSection
EndGlobal
